
Microsoft Visual Studio Solution File, Format Version 12.00
# Visual Studio 15
VisualStudioVersion = 15.0.27004.2010
MinimumVisualStudioVersion = 10.0.40219.1
Project("{FAE04EC0-301F-11D3-BF4B-00C04F79EFBC}") = "Optimization", "Project1\Optimization.csproj", "{7F996789-7F84-4B26-A2BD-29F46F162195}"
EndProject
Project("{FAE04EC0-301F-11D3-BF4B-00C04F79EFBC}") = "Optimization.Tests", "Optimization.Tests\Optimization.Tests.csproj", "{A3C0F89F-5C3E-402C-B75E-39C3FD2918B4}"
EndProject
Global
	GlobalSection(SolutionConfigurationPlatforms) = preSolution
		Debug|Any CPU = Debug|Any CPU
		Release|Any CPU = Release|Any CPU
	EndGlobalSection
	GlobalSection(ProjectConfigurationPlatforms) = postSolution
		{7F996789-7F84-4B26-A2BD-29F46F162195}.Debug|Any CPU.ActiveCfg = Debug|Any CPU
		{7F996789-7F84-4B26-A2BD-29F46F162195}.Debug|Any CPU.Build.0 = Debug|Any CPU
		{7F996789-7F84-4B26-A2BD-29F46F162195}.Release|Any CPU.ActiveCfg = Release|Any CPU
		{7F996789-7F84-4B26-A2BD-29F46F162195}.Release|Any CPU.Build.0 = Release|Any CPU
		{A3C0F89F-5C3E-402C-B75E-39C3FD2918B4}.Debug|Any CPU.ActiveCfg = Debug|Any CPU
		{A3C0F89F-5C3E-402C-B75E-39C3FD2918B4}.Debug|Any CPU.Build.0 = Debug|Any CPU
		{A3C0F89F-5C3E-402C-B75E-39C3FD2918B4}.Release|Any CPU.ActiveCfg = Release|Any CPU
		{A3C0F89F-5C3E-402C-B75E-39C3FD2918B4}.Release|Any CPU.Build.0 = Release|Any CPU
	EndGlobalSection
	GlobalSection(SolutionProperties) = preSolution
		HideSolutionNode = FALSE
	EndGlobalSection
	GlobalSection(ExtensibilityGlobals) = postSolution
		SolutionGuid = {52947202-E79E-45DB-8407-8A7AA28A9FBC}
	EndGlobalSection
EndGlobal
